
Microsoft Visual Studio Solution File, Format Version 12.00
# Visual Studio Version 17
VisualStudioVersion = 17.1.32414.318
MinimumVisualStudioVersion = 10.0.40219.1
Project("{FAE04EC0-301F-11D3-BF4B-00C04F79EFBC}") = "WebStrip", "WebStrip.csproj", "{D597B4A4-EA72-4D5E-B50C-1B6F53925BCC}"
EndProject
Global
	GlobalSection(SolutionConfigurationPlatforms) = preSolution
		Debug|Any CPU = Debug|Any CPU
		Release|Any CPU = Release|Any CPU
	EndGlobalSection
	GlobalSection(ProjectConfigurationPlatforms) = postSolution
		{D597B4A4-EA72-4D5E-B50C-1B6F53925BCC}.Debug|Any CPU.ActiveCfg = Debug|Any CPU
		{D597B4A4-EA72-4D5E-B50C-1B6F53925BCC}.Debug|Any CPU.Build.0 = Debug|Any CPU
		{D597B4A4-EA72-4D5E-B50C-1B6F53925BCC}.Release|Any CPU.ActiveCfg = Release|Any CPU
		{D597B4A4-EA72-4D5E-B50C-1B6F53925BCC}.Release|Any CPU.Build.0 = Release|Any CPU
	EndGlobalSection
	GlobalSection(SolutionProperties) = preSolution
		HideSolutionNode = FALSE
	EndGlobalSection
	GlobalSection(ExtensibilityGlobals) = postSolution
		SolutionGuid = {524746CE-F065-4813-B20E-1E7F261775D0}
	EndGlobalSection
EndGlobal
